
Microsoft Visual Studio Solution File, Format Version 12.00
# Visual Studio Version 17
VisualStudioVersion = 17.1.32210.238
MinimumVisualStudioVersion = 10.0.40219.1
Project("{FAE04EC0-301F-11D3-BF4B-00C04F79EFBC}") = "EmailServices", "EmailServices\EmailServices.csproj", "{AD582A88-7F18-4180-9677-208366C95C11}"
EndProject
Project("{FAE04EC0-301F-11D3-BF4B-00C04F79EFBC}") = "EmailServices.Example", "EmailServices.Example\EmailServices.Example.csproj", "{42B1AD73-F687-446A-B099-3557B78B228F}"
EndProject
Global
	GlobalSection(SolutionConfigurationPlatforms) = preSolution
		Debug|Any CPU = Debug|Any CPU
		Release|Any CPU = Release|Any CPU
	EndGlobalSection
	GlobalSection(ProjectConfigurationPlatforms) = postSolution
		{AD582A88-7F18-4180-9677-208366C95C11}.Debug|Any CPU.ActiveCfg = Debug|Any CPU
		{AD582A88-7F18-4180-9677-208366C95C11}.Debug|Any CPU.Build.0 = Debug|Any CPU
		{AD582A88-7F18-4180-9677-208366C95C11}.Release|Any CPU.ActiveCfg = Release|Any CPU
		{AD582A88-7F18-4180-9677-208366C95C11}.Release|Any CPU.Build.0 = Release|Any CPU
		{42B1AD73-F687-446A-B099-3557B78B228F}.Debug|Any CPU.ActiveCfg = Debug|Any CPU
		{42B1AD73-F687-446A-B099-3557B78B228F}.Debug|Any CPU.Build.0 = Debug|Any CPU
		{42B1AD73-F687-446A-B099-3557B78B228F}.Release|Any CPU.ActiveCfg = Release|Any CPU
		{42B1AD73-F687-446A-B099-3557B78B228F}.Release|Any CPU.Build.0 = Release|Any CPU
	EndGlobalSection
	GlobalSection(SolutionProperties) = preSolution
		HideSolutionNode = FALSE
	EndGlobalSection
	GlobalSection(ExtensibilityGlobals) = postSolution
		SolutionGuid = {0C99E924-9792-4E28-898F-C23A13E61ACF}
	EndGlobalSection
EndGlobal
